{
  "name": "mern-app",
  "version": "1.0.0",
  "lockfileVersion": 3,
  "requires": true,
  "packages": {
    "": {
      "name": "mern-app",
      "version": "1.0.0",
      "license": "ISC",
      "workspaces": [
        "portals/dashboard",
        "portals/homepage",
        "atomic-ui"
      ]
    },
    "node_modules/dashboard": {
      "resolved": "portals/dashboard",
      "link": true
    },
    "node_modules/homepage": {
      "resolved": "portals/homepage",
      "link": true
    },
    "portals/dashboard": {
      "version": "1.0.0",
      "license": "ISC"
    },
    "portals/homepage": {
      "version": "1.0.0",
      "license": "ISC"
    }
  }
}
